
Microsoft Visual Studio Solution File, Format Version 12.00
# Visual Studio Version 16
VisualStudioVersion = 16.0.30114.105
MinimumVisualStudioVersion = 10.0.40219.1
Project("{FAE04EC0-301F-11D3-BF4B-00C04F79EFBC}") = "CoffeeMachine.Api", "CoffeeMachine.Api\CoffeeMachine.Api.csproj", "{9285C83D-C102-4201-B246-33B8E33CD9B7}"
EndProject
Project("{FAE04EC0-301F-11D3-BF4B-00C04F79EFBC}") = "CoffeeMachine.Tests", "CoffeeMachine.Tests\CoffeeMachine.Tests.csproj", "{638F62AA-252E-4C47-8BE1-4CBC0D185BFB}"
EndProject
Global
	GlobalSection(SolutionConfigurationPlatforms) = preSolution
		Debug|Any CPU = Debug|Any CPU
		Release|Any CPU = Release|Any CPU
	EndGlobalSection
	GlobalSection(SolutionProperties) = preSolution
		HideSolutionNode = FALSE
	EndGlobalSection
	GlobalSection(ProjectConfigurationPlatforms) = postSolution
		{9285C83D-C102-4201-B246-33B8E33CD9B7}.Debug|Any CPU.ActiveCfg = Debug|Any CPU
		{9285C83D-C102-4201-B246-33B8E33CD9B7}.Debug|Any CPU.Build.0 = Debug|Any CPU
		{9285C83D-C102-4201-B246-33B8E33CD9B7}.Release|Any CPU.ActiveCfg = Release|Any CPU
		{9285C83D-C102-4201-B246-33B8E33CD9B7}.Release|Any CPU.Build.0 = Release|Any CPU
		{638F62AA-252E-4C47-8BE1-4CBC0D185BFB}.Debug|Any CPU.ActiveCfg = Debug|Any CPU
		{638F62AA-252E-4C47-8BE1-4CBC0D185BFB}.Debug|Any CPU.Build.0 = Debug|Any CPU
		{638F62AA-252E-4C47-8BE1-4CBC0D185BFB}.Release|Any CPU.ActiveCfg = Release|Any CPU
		{638F62AA-252E-4C47-8BE1-4CBC0D185BFB}.Release|Any CPU.Build.0 = Release|Any CPU
	EndGlobalSection
EndGlobal
